
Microsoft Visual Studio Solution File, Format Version 12.00
# Visual Studio Version 17
VisualStudioVersion = 17.3.32901.215
MinimumVisualStudioVersion = 10.0.40219.1
Project("{9A19103F-16F7-4668-BE54-9A1E7A4F7556}") = "MoodAnalyserProblem", "MoodAnalyserProblem\MoodAnalyserProblem.csproj", "{EE55AA8F-876D-44A8-AA88-FF560D2AE626}"
EndProject
Project("{FAE04EC0-301F-11D3-BF4B-00C04F79EFBC}") = "MoodAnalyzer_TestCase", "MoodAnalyzer_TestCase\MoodAnalyzer_TestCase.csproj", "{FF48510A-D9DF-4C32-A01B-A3B75FA89255}"
EndProject
Global
	GlobalSection(SolutionConfigurationPlatforms) = preSolution
		Debug|Any CPU = Debug|Any CPU
		Release|Any CPU = Release|Any CPU
	EndGlobalSection
	GlobalSection(ProjectConfigurationPlatforms) = postSolution
		{EE55AA8F-876D-44A8-AA88-FF560D2AE626}.Debug|Any CPU.ActiveCfg = Debug|Any CPU
		{EE55AA8F-876D-44A8-AA88-FF560D2AE626}.Debug|Any CPU.Build.0 = Debug|Any CPU
		{EE55AA8F-876D-44A8-AA88-FF560D2AE626}.Release|Any CPU.ActiveCfg = Release|Any CPU
		{EE55AA8F-876D-44A8-AA88-FF560D2AE626}.Release|Any CPU.Build.0 = Release|Any CPU
		{FF48510A-D9DF-4C32-A01B-A3B75FA89255}.Debug|Any CPU.ActiveCfg = Debug|Any CPU
		{FF48510A-D9DF-4C32-A01B-A3B75FA89255}.Debug|Any CPU.Build.0 = Debug|Any CPU
		{FF48510A-D9DF-4C32-A01B-A3B75FA89255}.Release|Any CPU.ActiveCfg = Release|Any CPU
		{FF48510A-D9DF-4C32-A01B-A3B75FA89255}.Release|Any CPU.Build.0 = Release|Any CPU
	EndGlobalSection
	GlobalSection(SolutionProperties) = preSolution
		HideSolutionNode = FALSE
	EndGlobalSection
	GlobalSection(ExtensibilityGlobals) = postSolution
		SolutionGuid = {AC6A6190-EFA6-479A-BC00-59609474276C}
	EndGlobalSection
EndGlobal
